
Microsoft Visual Studio Solution File, Format Version 12.00
# Visual Studio Version 16
VisualStudioVersion = 16.0.31205.134
MinimumVisualStudioVersion = 10.0.40219.1
Project("{FAE04EC0-301F-11D3-BF4B-00C04F79EFBC}") = "Setc", "Setc\Setc.csproj", "{AF88606F-4950-4E88-98D7-9214020BFDF0}"
EndProject
Global
	GlobalSection(SolutionConfigurationPlatforms) = preSolution
		Debug|Any CPU = Debug|Any CPU
		Release|Any CPU = Release|Any CPU
	EndGlobalSection
	GlobalSection(ProjectConfigurationPlatforms) = postSolution
		{AF88606F-4950-4E88-98D7-9214020BFDF0}.Debug|Any CPU.ActiveCfg = Debug|Any CPU
		{AF88606F-4950-4E88-98D7-9214020BFDF0}.Debug|Any CPU.Build.0 = Debug|Any CPU
		{AF88606F-4950-4E88-98D7-9214020BFDF0}.Debug|Any CPU.Deploy.0 = Debug|Any CPU
		{AF88606F-4950-4E88-98D7-9214020BFDF0}.Release|Any CPU.ActiveCfg = Release|Any CPU
		{AF88606F-4950-4E88-98D7-9214020BFDF0}.Release|Any CPU.Build.0 = Release|Any CPU
		{AF88606F-4950-4E88-98D7-9214020BFDF0}.Release|Any CPU.Deploy.0 = Release|Any CPU
	EndGlobalSection
	GlobalSection(SolutionProperties) = preSolution
		HideSolutionNode = FALSE
	EndGlobalSection
	GlobalSection(ExtensibilityGlobals) = postSolution
		SolutionGuid = {B20A17BD-59D6-4B4A-8D22-ABA57ADC1696}
	EndGlobalSection
EndGlobal
